// !$*UTF8*$!
{
	archiveVersion = 1;
	classes = {
	};
	objectVersion = 56;
	objects = {

/* Begin PBXBuildFile section */
		B73E59162B8D1AA200C8D6FF /* EasyWalletApp.swift in Sources */ = {isa = PBXBuildFile; fileRef = B73E59152B8D1AA200C8D6FF /* EasyWalletApp.swift */; };
		B73E59182B8D1AA200C8D6FF /* ContentView.swift in Sources */ = {isa = PBXBuildFile; fileRef = B73E59172B8D1AA200C8D6FF /* ContentView.swift */; };
		B73E591A2B8D1AA400C8D6FF /* Assets.xcassets in Resources */ = {isa = PBXBuildFile; fileRef = B73E59192B8D1AA400C8D6FF /* Assets.xcassets */; };
		B73E591D2B8D1AA400C8D6FF /* Preview Assets.xcassets in Resources */ = {isa = PBXBuildFile; fileRef = B73E591C2B8D1AA400C8D6FF /* Preview Assets.xcassets */; };
		B73E591F2B8D1AA400C8D6FF /* Persistence.swift in Sources */ = {isa = PBXBuildFile; fileRef = B73E591E2B8D1AA400C8D6FF /* Persistence.swift */; };
		B73E59222B8D1AA400C8D6FF /* EasyWallet.xcdatamodeld in Sources */ = {isa = PBXBuildFile; fileRef = B73E59202B8D1AA400C8D6FF /* EasyWallet.xcdatamodeld */; };
		B73E592C2B8D1AA500C8D6FF /* EasyWalletTests.swift in Sources */ = {isa = PBXBuildFile; fileRef = B73E592B2B8D1AA500C8D6FF /* EasyWalletTests.swift */; };
		B73E59362B8D1AA500C8D6FF /* EasyWalletUITests.swift in Sources */ = {isa = PBXBuildFile; fileRef = B73E59352B8D1AA500C8D6FF /* EasyWalletUITests.swift */; };
		B73E59382B8D1AA500C8D6FF /* EasyWalletUITestsLaunchTests.swift in Sources */ = {isa = PBXBuildFile; fileRef = B73E59372B8D1AA500C8D6FF /* EasyWalletUITestsLaunchTests.swift */; };
		B73E59462B8D1BD400C8D6FF /* HomeView.swift in Sources */ = {isa = PBXBuildFile; fileRef = B73E59452B8D1BD400C8D6FF /* HomeView.swift */; };
		B73E59482B8D1BF300C8D6FF /* SettingsView.swift in Sources */ = {isa = PBXBuildFile; fileRef = B73E59472B8D1BF300C8D6FF /* SettingsView.swift */; };
		B73E594A2B8D1C0700C8D6FF /* StatisticView.swift in Sources */ = {isa = PBXBuildFile; fileRef = B73E59492B8D1C0700C8D6FF /* StatisticView.swift */; };
		B73E594D2B8D1C3E00C8D6FF /* ItemDetailPartial.swift in Sources */ = {isa = PBXBuildFile; fileRef = B73E594C2B8D1C3E00C8D6FF /* ItemDetailPartial.swift */; };
		B73E59502B8D1C7600C8D6FF /* SubscriptionDetailView.swift in Sources */ = {isa = PBXBuildFile; fileRef = B73E594F2B8D1C7600C8D6FF /* SubscriptionDetailView.swift */; };
		B73E59522B8D1C9400C8D6FF /* SubscriptionEditView.swift in Sources */ = {isa = PBXBuildFile; fileRef = B73E59512B8D1C9400C8D6FF /* SubscriptionEditView.swift */; };
		B73E59542B8D1D0000C8D6FF /* SubscriptionCreateView.swift in Sources */ = {isa = PBXBuildFile; fileRef = B73E59532B8D1D0000C8D6FF /* SubscriptionCreateView.swift */; };
		B73E59562B8D1EBD00C8D6FF /* BackgroundTaskManager.swift in Sources */ = {isa = PBXBuildFile; fileRef = B73E59552B8D1EBD00C8D6FF /* BackgroundTaskManager.swift */; };
		B73E59582B8D286F00C8D6FF /* AppDelegate.swift in Sources */ = {isa = PBXBuildFile; fileRef = B73E59572B8D286F00C8D6FF /* AppDelegate.swift */; };
		B79B7DF82B8E246A001E9F2D /* Localizable.xcstrings in Resources */ = {isa = PBXBuildFile; fileRef = B79B7DF72B8E246A001E9F2D /* Localizable.xcstrings */; };
		B79B7DFE2B8E2736001E9F2D /* Settings.bundle in Resources */ = {isa = PBXBuildFile; fileRef = B79B7DFD2B8E2736001E9F2D /* Settings.bundle */; };
/* End PBXBuildFile section */

/* Begin PBXContainerItemProxy section */
		B73E59282B8D1AA500C8D6FF /* PBXContainerItemProxy */ = {
			isa = PBXContainerItemProxy;
			containerPortal = B73E590A2B8D1AA100C8D6FF /* Project object */;
			proxyType = 1;
			remoteGlobalIDString = B73E59112B8D1AA100C8D6FF;
			remoteInfo = EasyWallet;
		};
		B73E59322B8D1AA500C8D6FF /* PBXContainerItemProxy */ = {
			isa = PBXContainerItemProxy;
			containerPortal = B73E590A2B8D1AA100C8D6FF /* Project object */;
			proxyType = 1;
			remoteGlobalIDString = B73E59112B8D1AA100C8D6FF;
			remoteInfo = EasyWallet;
		};
/* End PBXContainerItemProxy section */

/* Begin PBXFileReference section */
		B73E59122B8D1AA200C8D6FF /* EasyWallet.app */ = {isa = PBXFileReference; explicitFileType = wrapper.application; includeInIndex = 0; path = EasyWallet.app; sourceTree = BUILT_PRODUCTS_DIR; };
		B73E59152B8D1AA200C8D6FF /* EasyWalletApp.swift */ = {isa = PBXFileReference; lastKnownFileType = sourcecode.swift; path = EasyWalletApp.swift; sourceTree = "<group>"; };
		B73E59172B8D1AA200C8D6FF /* ContentView.swift */ = {isa = PBXFileReference; lastKnownFileType = sourcecode.swift; path = ContentView.swift; sourceTree = "<group>"; };
		B73E59192B8D1AA400C8D6FF /* Assets.xcassets */ = {isa = PBXFileReference; lastKnownFileType = folder.assetcatalog; path = Assets.xcassets; sourceTree = "<group>"; };
		B73E591C2B8D1AA400C8D6FF /* Preview Assets.xcassets */ = {isa = PBXFileReference; lastKnownFileType = folder.assetcatalog; path = "Preview Assets.xcassets"; sourceTree = "<group>"; };
		B73E591E2B8D1AA400C8D6FF /* Persistence.swift */ = {isa = PBXFileReference; lastKnownFileType = sourcecode.swift; path = Persistence.swift; sourceTree = "<group>"; };
		B73E59212B8D1AA400C8D6FF /* EasyWallet.xcdatamodel */ = {isa = PBXFileReference; lastKnownFileType = wrapper.xcdatamodel; path = EasyWallet.xcdatamodel; sourceTree = "<group>"; };
		B73E59272B8D1AA500C8D6FF /* EasyWalletTests.xctest */ = {isa = PBXFileReference; explicitFileType = wrapper.cfbundle; includeInIndex = 0; path = EasyWalletTests.xctest; sourceTree = BUILT_PRODUCTS_DIR; };
		B73E592B2B8D1AA500C8D6FF /* EasyWalletTests.swift */ = {isa = PBXFileReference; lastKnownFileType = sourcecode.swift; path = EasyWalletTests.swift; sourceTree = "<group>"; };
		B73E59312B8D1AA500C8D6FF /* EasyWalletUITests.xctest */ = {isa = PBXFileReference; explicitFileType = wrapper.cfbundle; includeInIndex = 0; path = EasyWalletUITests.xctest; sourceTree = BUILT_PRODUCTS_DIR; };
		B73E59352B8D1AA500C8D6FF /* EasyWalletUITests.swift */ = {isa = PBXFileReference; lastKnownFileType = sourcecode.swift; path = EasyWalletUITests.swift; sourceTree = "<group>"; };
		B73E59372B8D1AA500C8D6FF /* EasyWalletUITestsLaunchTests.swift */ = {isa = PBXFileReference; lastKnownFileType = sourcecode.swift; path = EasyWalletUITestsLaunchTests.swift; sourceTree = "<group>"; };
		B73E59452B8D1BD400C8D6FF /* HomeView.swift */ = {isa = PBXFileReference; lastKnownFileType = sourcecode.swift; path = HomeView.swift; sourceTree = "<group>"; };
		B73E59472B8D1BF300C8D6FF /* SettingsView.swift */ = {isa = PBXFileReference; lastKnownFileType = sourcecode.swift; path = SettingsView.swift; sourceTree = "<group>"; };
		B73E59492B8D1C0700C8D6FF /* StatisticView.swift */ = {isa = PBXFileReference; lastKnownFileType = sourcecode.swift; path = StatisticView.swift; sourceTree = "<group>"; };
		B73E594C2B8D1C3E00C8D6FF /* ItemDetailPartial.swift */ = {isa = PBXFileReference; lastKnownFileType = sourcecode.swift; path = ItemDetailPartial.swift; sourceTree = "<group>"; };
		B73E594F2B8D1C7600C8D6FF /* SubscriptionDetailView.swift */ = {isa = PBXFileReference; lastKnownFileType = sourcecode.swift; path = SubscriptionDetailView.swift; sourceTree = "<group>"; };
		B73E59512B8D1C9400C8D6FF /* SubscriptionEditView.swift */ = {isa = PBXFileReference; lastKnownFileType = sourcecode.swift; path = SubscriptionEditView.swift; sourceTree = "<group>"; };
		B73E59532B8D1D0000C8D6FF /* SubscriptionCreateView.swift */ = {isa = PBXFileReference; lastKnownFileType = sourcecode.swift; path = SubscriptionCreateView.swift; sourceTree = "<group>"; };
		B73E59552B8D1EBD00C8D6FF /* BackgroundTaskManager.swift */ = {isa = PBXFileReference; lastKnownFileType = sourcecode.swift; path = BackgroundTaskManager.swift; sourceTree = "<group>"; };
		B73E59572B8D286F00C8D6FF /* AppDelegate.swift */ = {isa = PBXFileReference; lastKnownFileType = sourcecode.swift; path = AppDelegate.swift; sourceTree = "<group>"; };
		B73E59592B8D3CEE00C8D6FF /* Info.plist */ = {isa = PBXFileReference; lastKnownFileType = text.plist; path = Info.plist; sourceTree = "<group>"; };
		B79B7DF72B8E246A001E9F2D /* Localizable.xcstrings */ = {isa = PBXFileReference; fileEncoding = 4; lastKnownFileType = text.json.xcstrings; path = Localizable.xcstrings; sourceTree = "<group>"; };
		B79B7DFD2B8E2736001E9F2D /* Settings.bundle */ = {isa = PBXFileReference; lastKnownFileType = "wrapper.plug-in"; path = Settings.bundle; sourceTree = "<group>"; };
		B7DFBBB02B98E6DC008DBC5B /* EasyWalletDebug.entitlements */ = {isa = PBXFileReference; lastKnownFileType = text.plist.entitlements; path = EasyWalletDebug.entitlements; sourceTree = "<group>"; };
/* End PBXFileReference section */

/* Begin PBXFrameworksBuildPhase section */
		B73E590F2B8D1AA100C8D6FF /* Frameworks */ = {
			isa = PBXFrameworksBuildPhase;
			buildActionMask = 2147483647;
			files = (
			);
			runOnlyForDeploymentPostprocessing = 0;
		};
		B73E59242B8D1AA500C8D6FF /* Frameworks */ = {
			isa = PBXFrameworksBuildPhase;
			buildActionMask = 2147483647;
			files = (
			);
			runOnlyForDeploymentPostprocessing = 0;
		};
		B73E592E2B8D1AA500C8D6FF /* Frameworks */ = {
			isa = PBXFrameworksBuildPhase;
			buildActionMask = 2147483647;
			files = (
			);
			runOnlyForDeploymentPostprocessing = 0;
		};
/* End PBXFrameworksBuildPhase section */

/* Begin PBXGroup section */
		B73E59092B8D1AA100C8D6FF = {
			isa = PBXGroup;
			children = (
				B73E59142B8D1AA200C8D6FF /* EasyWallet */,
				B73E592A2B8D1AA500C8D6FF /* EasyWalletTests */,
				B73E59342B8D1AA500C8D6FF /* EasyWalletUITests */,
				B73E59132B8D1AA200C8D6FF /* Products */,
			);
			sourceTree = "<group>";
		};
		B73E59132B8D1AA200C8D6FF /* Products */ = {
			isa = PBXGroup;
			children = (
				B73E59122B8D1AA200C8D6FF /* EasyWallet.app */,
				B73E59272B8D1AA500C8D6FF /* EasyWalletTests.xctest */,
				B73E59312B8D1AA500C8D6FF /* EasyWalletUITests.xctest */,
			);
			name = Products;
			sourceTree = "<group>";
		};
		B73E59142B8D1AA200C8D6FF /* EasyWallet */ = {
			isa = PBXGroup;
			children = (
				B7DFBBB02B98E6DC008DBC5B /* EasyWalletDebug.entitlements */,
				B79B7DFD2B8E2736001E9F2D /* Settings.bundle */,
				B79B7DF72B8E246A001E9F2D /* Localizable.xcstrings */,
				B73E59592B8D3CEE00C8D6FF /* Info.plist */,
				B73E594E2B8D1C5600C8D6FF /* SubscriptionViews */,
				B73E594B2B8D1C2900C8D6FF /* Partials */,
				B73E59442B8D1BB500C8D6FF /* MainViews */,
				B73E59152B8D1AA200C8D6FF /* EasyWalletApp.swift */,
				B73E59172B8D1AA200C8D6FF /* ContentView.swift */,
				B73E59192B8D1AA400C8D6FF /* Assets.xcassets */,
				B73E591E2B8D1AA400C8D6FF /* Persistence.swift */,
				B73E59202B8D1AA400C8D6FF /* EasyWallet.xcdatamodeld */,
				B73E591B2B8D1AA400C8D6FF /* Preview Content */,
				B73E59552B8D1EBD00C8D6FF /* BackgroundTaskManager.swift */,
				B73E59572B8D286F00C8D6FF /* AppDelegate.swift */,
			);
			path = EasyWallet;
			sourceTree = "<group>";
		};
		B73E591B2B8D1AA400C8D6FF /* Preview Content */ = {
			isa = PBXGroup;
			children = (
				B73E591C2B8D1AA400C8D6FF /* Preview Assets.xcassets */,
			);
			path = "Preview Content";
			sourceTree = "<group>";
		};
		B73E592A2B8D1AA500C8D6FF /* EasyWalletTests */ = {
			isa = PBXGroup;
			children = (
				B73E592B2B8D1AA500C8D6FF /* EasyWalletTests.swift */,
			);
			path = EasyWalletTests;
			sourceTree = "<group>";
		};
		B73E59342B8D1AA500C8D6FF /* EasyWalletUITests */ = {
			isa = PBXGroup;
			children = (
				B73E59352B8D1AA500C8D6FF /* EasyWalletUITests.swift */,
				B73E59372B8D1AA500C8D6FF /* EasyWalletUITestsLaunchTests.swift */,
			);
			path = EasyWalletUITests;
			sourceTree = "<group>";
		};
		B73E59442B8D1BB500C8D6FF /* MainViews */ = {
			isa = PBXGroup;
			children = (
				B73E59452B8D1BD400C8D6FF /* HomeView.swift */,
				B73E59472B8D1BF300C8D6FF /* SettingsView.swift */,
				B73E59492B8D1C0700C8D6FF /* StatisticView.swift */,
			);
			path = MainViews;
			sourceTree = "<group>";
		};
		B73E594B2B8D1C2900C8D6FF /* Partials */ = {
			isa = PBXGroup;
			children = (
				B73E594C2B8D1C3E00C8D6FF /* ItemDetailPartial.swift */,
			);
			path = Partials;
			sourceTree = "<group>";
		};
		B73E594E2B8D1C5600C8D6FF /* SubscriptionViews */ = {
			isa = PBXGroup;
			children = (
				B73E594F2B8D1C7600C8D6FF /* SubscriptionDetailView.swift */,
				B73E59512B8D1C9400C8D6FF /* SubscriptionEditView.swift */,
				B73E59532B8D1D0000C8D6FF /* SubscriptionCreateView.swift */,
			);
			path = SubscriptionViews;
			sourceTree = "<group>";
		};
/* End PBXGroup section */

/* Begin PBXNativeTarget section */
		B73E59112B8D1AA100C8D6FF /* EasyWallet */ = {
			isa = PBXNativeTarget;
			buildConfigurationList = B73E593B2B8D1AA500C8D6FF /* Build configuration list for PBXNativeTarget "EasyWallet" */;
			buildPhases = (
				B73E590E2B8D1AA100C8D6FF /* Sources */,
				B73E590F2B8D1AA100C8D6FF /* Frameworks */,
				B73E59102B8D1AA100C8D6FF /* Resources */,
			);
			buildRules = (
			);
			dependencies = (
			);
			name = EasyWallet;
			productName = EasyWallet;
			productReference = B73E59122B8D1AA200C8D6FF /* EasyWallet.app */;
			productType = "com.apple.product-type.application";
		};
		B73E59262B8D1AA500C8D6FF /* EasyWalletTests */ = {
			isa = PBXNativeTarget;
			buildConfigurationList = B73E593E2B8D1AA500C8D6FF /* Build configuration list for PBXNativeTarget "EasyWalletTests" */;
			buildPhases = (
				B73E59232B8D1AA500C8D6FF /* Sources */,
				B73E59242B8D1AA500C8D6FF /* Frameworks */,
				B73E59252B8D1AA500C8D6FF /* Resources */,
			);
			buildRules = (
			);
			dependencies = (
				B73E59292B8D1AA500C8D6FF /* PBXTargetDependency */,
			);
			name = EasyWalletTests;
			productName = EasyWalletTests;
			productReference = B73E59272B8D1AA500C8D6FF /* EasyWalletTests.xctest */;
			productType = "com.apple.product-type.bundle.unit-test";
		};
		B73E59302B8D1AA500C8D6FF /* EasyWalletUITests */ = {
			isa = PBXNativeTarget;
			buildConfigurationList = B73E59412B8D1AA500C8D6FF /* Build configuration list for PBXNativeTarget "EasyWalletUITests" */;
			buildPhases = (
				B73E592D2B8D1AA500C8D6FF /* Sources */,
				B73E592E2B8D1AA500C8D6FF /* Frameworks */,
				B73E592F2B8D1AA500C8D6FF /* Resources */,
			);
			buildRules = (
			);
			dependencies = (
				B73E59332B8D1AA500C8D6FF /* PBXTargetDependency */,
			);
			name = EasyWalletUITests;
			productName = EasyWalletUITests;
			productReference = B73E59312B8D1AA500C8D6FF /* EasyWalletUITests.xctest */;
			productType = "com.apple.product-type.bundle.ui-testing";
		};
/* End PBXNativeTarget section */

/* Begin PBXProject section */
		B73E590A2B8D1AA100C8D6FF /* Project object */ = {
			isa = PBXProject;
			attributes = {
				BuildIndependentTargetsInParallel = 1;
				LastSwiftUpdateCheck = 1520;
				LastUpgradeCheck = 1520;
				TargetAttributes = {
					B73E59112B8D1AA100C8D6FF = {
						CreatedOnToolsVersion = 15.2;
					};
					B73E59262B8D1AA500C8D6FF = {
						CreatedOnToolsVersion = 15.2;
						TestTargetID = B73E59112B8D1AA100C8D6FF;
					};
					B73E59302B8D1AA500C8D6FF = {
						CreatedOnToolsVersion = 15.2;
						TestTargetID = B73E59112B8D1AA100C8D6FF;
					};
				};
			};
			buildConfigurationList = B73E590D2B8D1AA100C8D6FF /* Build configuration list for PBXProject "EasyWallet" */;
			compatibilityVersion = "Xcode 14.0";
			developmentRegion = en;
			hasScannedForEncodings = 0;
			knownRegions = (
				en,
				Base,
				fr,
				es,
				it,
			);
			mainGroup = B73E59092B8D1AA100C8D6FF;
			productRefGroup = B73E59132B8D1AA200C8D6FF /* Products */;
			projectDirPath = "";
			projectRoot = "";
			targets = (
				B73E59112B8D1AA100C8D6FF /* EasyWallet */,
				B73E59262B8D1AA500C8D6FF /* EasyWalletTests */,
				B73E59302B8D1AA500C8D6FF /* EasyWalletUITests */,
			);
		};
/* End PBXProject section */

/* Begin PBXResourcesBuildPhase section */
		B73E59102B8D1AA100C8D6FF /* Resources */ = {
			isa = PBXResourcesBuildPhase;
			buildActionMask = 2147483647;
			files = (
				B79B7DFE2B8E2736001E9F2D /* Settings.bundle in Resources */,
				B73E591D2B8D1AA400C8D6FF /* Preview Assets.xcassets in Resources */,
				B73E591A2B8D1AA400C8D6FF /* Assets.xcassets in Resources */,
				B79B7DF82B8E246A001E9F2D /* Localizable.xcstrings in Resources */,
			);
			runOnlyForDeploymentPostprocessing = 0;
		};
		B73E59252B8D1AA500C8D6FF /* Resources */ = {
			isa = PBXResourcesBuildPhase;
			buildActionMask = 2147483647;
			files = (
			);
			runOnlyForDeploymentPostprocessing = 0;
		};
		B73E592F2B8D1AA500C8D6FF /* Resources */ = {
			isa = PBXResourcesBuildPhase;
			buildActionMask = 2147483647;
			files = (
			);
			runOnlyForDeploymentPostprocessing = 0;
		};
/* End PBXResourcesBuildPhase section */

/* Begin PBXSourcesBuildPhase section */
		B73E590E2B8D1AA100C8D6FF /* Sources */ = {
			isa = PBXSourcesBuildPhase;
			buildActionMask = 2147483647;
			files = (
				B73E594A2B8D1C0700C8D6FF /* StatisticView.swift in Sources */,
				B73E59502B8D1C7600C8D6FF /* SubscriptionDetailView.swift in Sources */,
				B73E594D2B8D1C3E00C8D6FF /* ItemDetailPartial.swift in Sources */,
				B73E591F2B8D1AA400C8D6FF /* Persistence.swift in Sources */,
				B73E59562B8D1EBD00C8D6FF /* BackgroundTaskManager.swift in Sources */,
				B73E59182B8D1AA200C8D6FF /* ContentView.swift in Sources */,
				B73E59542B8D1D0000C8D6FF /* SubscriptionCreateView.swift in Sources */,
				B73E59222B8D1AA400C8D6FF /* EasyWallet.xcdatamodeld in Sources */,
				B73E59582B8D286F00C8D6FF /* AppDelegate.swift in Sources */,
				B73E59482B8D1BF300C8D6FF /* SettingsView.swift in Sources */,
				B73E59522B8D1C9400C8D6FF /* SubscriptionEditView.swift in Sources */,
				B73E59462B8D1BD400C8D6FF /* HomeView.swift in Sources */,
				B73E59162B8D1AA200C8D6FF /* EasyWalletApp.swift in Sources */,
			);
			runOnlyForDeploymentPostprocessing = 0;
		};
		B73E59232B8D1AA500C8D6FF /* Sources */ = {
			isa = PBXSourcesBuildPhase;
			buildActionMask = 2147483647;
			files = (
				B73E592C2B8D1AA500C8D6FF /* EasyWalletTests.swift in Sources */,
			);
			runOnlyForDeploymentPostprocessing = 0;
		};
		B73E592D2B8D1AA500C8D6FF /* Sources */ = {
			isa = PBXSourcesBuildPhase;
			buildActionMask = 2147483647;
			files = (
				B73E59362B8D1AA500C8D6FF /* EasyWalletUITests.swift in Sources */,
				B73E59382B8D1AA500C8D6FF /* EasyWalletUITestsLaunchTests.swift in Sources */,
			);
			runOnlyForDeploymentPostprocessing = 0;
		};
/* End PBXSourcesBuildPhase section */

/* Begin PBXTargetDependency section */
		B73E59292B8D1AA500C8D6FF /* PBXTargetDependency */ = {
			isa = PBXTargetDependency;
			target = B73E59112B8D1AA100C8D6FF /* EasyWallet */;
			targetProxy = B73E59282B8D1AA500C8D6FF /* PBXContainerItemProxy */;
		};
		B73E59332B8D1AA500C8D6FF /* PBXTargetDependency */ = {
			isa = PBXTargetDependency;
			target = B73E59112B8D1AA100C8D6FF /* EasyWallet */;
			targetProxy = B73E59322B8D1AA500C8D6FF /* PBXContainerItemProxy */;
		};
/* End PBXTargetDependency section */

/* Begin XCBuildConfiguration section */
		B73E59392B8D1AA500C8D6FF /* Debug */ = {
			isa = XCBuildConfiguration;
			buildSettings = {
				ALWAYS_SEARCH_USER_PATHS = NO;
				ASSETCATALOG_COMPILER_GENERATE_SWIFT_ASSET_SYMBOL_EXTENSIONS = YES;
				CLANG_ANALYZER_NONNULL = YES;
				CLANG_ANALYZER_NUMBER_OBJECT_CONVERSION = YES_AGGRESSIVE;
				CLANG_CXX_LANGUAGE_STANDARD = "gnu++20";
				CLANG_ENABLE_MODULES = YES;
				CLANG_ENABLE_OBJC_ARC = YES;
				CLANG_ENABLE_OBJC_WEAK = YES;
				CLANG_WARN_BLOCK_CAPTURE_AUTORELEASING = YES;
				CLANG_WARN_BOOL_CONVERSION = YES;
				CLANG_WARN_COMMA = YES;
				CLANG_WARN_CONSTANT_CONVERSION = YES;
				CLANG_WARN_DEPRECATED_OBJC_IMPLEMENTATIONS = YES;
				CLANG_WARN_DIRECT_OBJC_ISA_USAGE = YES_ERROR;
				CLANG_WARN_DOCUMENTATION_COMMENTS = YES;
				CLANG_WARN_EMPTY_BODY = YES;
				CLANG_WARN_ENUM_CONVERSION = YES;
				CLANG_WARN_INFINITE_RECURSION = YES;
				CLANG_WARN_INT_CONVERSION = YES;
				CLANG_WARN_NON_LITERAL_NULL_CONVERSION = YES;
				CLANG_WARN_OBJC_IMPLICIT_RETAIN_SELF = YES;
				CLANG_WARN_OBJC_LITERAL_CONVERSION = YES;
				CLANG_WARN_OBJC_ROOT_CLASS = YES_ERROR;
				CLANG_WARN_QUOTED_INCLUDE_IN_FRAMEWORK_HEADER = YES;
				CLANG_WARN_RANGE_LOOP_ANALYSIS = YES;
				CLANG_WARN_STRICT_PROTOTYPES = YES;
				CLANG_WARN_SUSPICIOUS_MOVE = YES;
				CLANG_WARN_UNGUARDED_AVAILABILITY = YES_AGGRESSIVE;
				CLANG_WARN_UNREACHABLE_CODE = YES;
				CLANG_WARN__DUPLICATE_METHOD_MATCH = YES;
				COPY_PHASE_STRIP = NO;
				DEBUG_INFORMATION_FORMAT = dwarf;
				ENABLE_STRICT_OBJC_MSGSEND = YES;
				ENABLE_TESTABILITY = YES;
				ENABLE_USER_SCRIPT_SANDBOXING = YES;
				GCC_C_LANGUAGE_STANDARD = gnu17;
				GCC_DYNAMIC_NO_PIC = NO;
				GCC_NO_COMMON_BLOCKS = YES;
				GCC_OPTIMIZATION_LEVEL = 0;
				GCC_PREPROCESSOR_DEFINITIONS = (
					"DEBUG=1",
					"$(inherited)",
				);
				GCC_WARN_64_TO_32_BIT_CONVERSION = YES;
				GCC_WARN_ABOUT_RETURN_TYPE = YES_ERROR;
				GCC_WARN_UNDECLARED_SELECTOR = YES;
				GCC_WARN_UNINITIALIZED_AUTOS = YES_AGGRESSIVE;
				GCC_WARN_UNUSED_FUNCTION = YES;
				GCC_WARN_UNUSED_VARIABLE = YES;
				IPHONEOS_DEPLOYMENT_TARGET = 16.4;
				LOCALIZATION_PREFERS_STRING_CATALOGS = YES;
				MTL_ENABLE_DEBUG_INFO = INCLUDE_SOURCE;
				MTL_FAST_MATH = YES;
				ONLY_ACTIVE_ARCH = YES;
				SDKROOT = iphoneos;
				SWIFT_ACTIVE_COMPILATION_CONDITIONS = "DEBUG $(inherited)";
				SWIFT_OPTIMIZATION_LEVEL = "-Onone";
			};
			name = Debug;
		};
		B73E593A2B8D1AA500C8D6FF /* Release */ = {
			isa = XCBuildConfiguration;
			buildSettings = {
				ALWAYS_SEARCH_USER_PATHS = NO;
				ASSETCATALOG_COMPILER_GENERATE_SWIFT_ASSET_SYMBOL_EXTENSIONS = YES;
				CLANG_ANALYZER_NONNULL = YES;
				CLANG_ANALYZER_NUMBER_OBJECT_CONVERSION = YES_AGGRESSIVE;
				CLANG_CXX_LANGUAGE_STANDARD = "gnu++20";
				CLANG_ENABLE_MODULES = YES;
				CLANG_ENABLE_OBJC_ARC = YES;
				CLANG_ENABLE_OBJC_WEAK = YES;
				CLANG_WARN_BLOCK_CAPTURE_AUTORELEASING = YES;
				CLANG_WARN_BOOL_CONVERSION = YES;
				CLANG_WARN_COMMA = YES;
				CLANG_WARN_CONSTANT_CONVERSION = YES;
				CLANG_WARN_DEPRECATED_OBJC_IMPLEMENTATIONS = YES;
				CLANG_WARN_DIRECT_OBJC_ISA_USAGE = YES_ERROR;
				CLANG_WARN_DOCUMENTATION_COMMENTS = YES;
				CLANG_WARN_EMPTY_BODY = YES;
				CLANG_WARN_ENUM_CONVERSION = YES;
				CLANG_WARN_INFINITE_RECURSION = YES;
				CLANG_WARN_INT_CONVERSION = YES;
				CLANG_WARN_NON_LITERAL_NULL_CONVERSION = YES;
				CLANG_WARN_OBJC_IMPLICIT_RETAIN_SELF = YES;
				CLANG_WARN_OBJC_LITERAL_CONVERSION = YES;
				CLANG_WARN_OBJC_ROOT_CLASS = YES_ERROR;
				CLANG_WARN_QUOTED_INCLUDE_IN_FRAMEWORK_HEADER = YES;
				CLANG_WARN_RANGE_LOOP_ANALYSIS = YES;
				CLANG_WARN_STRICT_PROTOTYPES = YES;
				CLANG_WARN_SUSPICIOUS_MOVE = YES;
				CLANG_WARN_UNGUARDED_AVAILABILITY = YES_AGGRESSIVE;
				CLANG_WARN_UNREACHABLE_CODE = YES;
				CLANG_WARN__DUPLICATE_METHOD_MATCH = YES;
				COPY_PHASE_STRIP = NO;
				DEBUG_INFORMATION_FORMAT = "dwarf-with-dsym";
				ENABLE_NS_ASSERTIONS = NO;
				ENABLE_STRICT_OBJC_MSGSEND = YES;
				ENABLE_USER_SCRIPT_SANDBOXING = YES;
				GCC_C_LANGUAGE_STANDARD = gnu17;
				GCC_NO_COMMON_BLOCKS = YES;
				GCC_WARN_64_TO_32_BIT_CONVERSION = YES;
				GCC_WARN_ABOUT_RETURN_TYPE = YES_ERROR;
				GCC_WARN_UNDECLARED_SELECTOR = YES;
				GCC_WARN_UNINITIALIZED_AUTOS = YES_AGGRESSIVE;
				GCC_WARN_UNUSED_FUNCTION = YES;
				GCC_WARN_UNUSED_VARIABLE = YES;
				IPHONEOS_DEPLOYMENT_TARGET = 16.4;
				LOCALIZATION_PREFERS_STRING_CATALOGS = YES;
				MTL_ENABLE_DEBUG_INFO = NO;
				MTL_FAST_MATH = YES;
				SDKROOT = iphoneos;
				SUPPORTED_PLATFORMS = "iphonesimulator iphoneos";
				SWIFT_COMPILATION_MODE = wholemodule;
				VALIDATE_PRODUCT = YES;
			};
			name = Release;
		};
		B73E593C2B8D1AA500C8D6FF /* Debug */ = {
			isa = XCBuildConfiguration;
			buildSettings = {
				ASSETCATALOG_COMPILER_APPICON_NAME = AppIcon;
				ASSETCATALOG_COMPILER_GLOBAL_ACCENT_COLOR_NAME = AccentColor;
				ASSETCATALOG_COMPILER_INCLUDE_ALL_APPICON_ASSETS = YES;
				CODE_SIGN_ENTITLEMENTS = EasyWallet/EasyWalletDebug.entitlements;
				CODE_SIGN_STYLE = Automatic;
				CURRENT_PROJECT_VERSION = 2;
				DEVELOPMENT_ASSET_PATHS = "\"EasyWallet/Preview Content\"";
				DEVELOPMENT_TEAM = 98UP8S95BD;
				ENABLE_PREVIEWS = YES;
				GENERATE_INFOPLIST_FILE = YES;
				INFOPLIST_FILE = EasyWallet/Info.plist;
				INFOPLIST_KEY_CFBundleDisplayName = EasyWallet;
				INFOPLIST_KEY_LSApplicationCategoryType = "public.app-category.finance";
				INFOPLIST_KEY_UIApplicationSceneManifest_Generation = YES;
				INFOPLIST_KEY_UIApplicationSupportsIndirectInputEvents = YES;
				INFOPLIST_KEY_UILaunchScreen_Generation = YES;
				INFOPLIST_KEY_UISupportedInterfaceOrientations_iPad = "UIInterfaceOrientationPortrait UIInterfaceOrientationPortraitUpsideDown UIInterfaceOrientationLandscapeLeft UIInterfaceOrientationLandscapeRight";
				INFOPLIST_KEY_UISupportedInterfaceOrientations_iPhone = "UIInterfaceOrientationPortrait UIInterfaceOrientationLandscapeLeft UIInterfaceOrientationLandscapeRight";
				IPHONEOS_DEPLOYMENT_TARGET = 17.2;
				"IPHONEOS_DEPLOYMENT_TARGET[sdk=iphoneos*]" = 17.2;
				LD_RUNPATH_SEARCH_PATHS = (
					"$(inherited)",
					"@executable_path/Frameworks",
				);
				MARKETING_VERSION = 1.1.1;
				PRODUCT_BUNDLE_IDENTIFIER = "de.golden-developer.EasyWallet";
				PRODUCT_NAME = "$(TARGET_NAME)";
				SUPPORTED_PLATFORMS = "iphoneos iphonesimulator";
				SUPPORTS_MACCATALYST = NO;
				SUPPORTS_MAC_DESIGNED_FOR_IPHONE_IPAD = NO;
				SUPPORTS_XR_DESIGNED_FOR_IPHONE_IPAD = NO;
				SWIFT_EMIT_LOC_STRINGS = YES;
				SWIFT_VERSION = 5.0;
				TARGETED_DEVICE_FAMILY = "1,2";
			};
			name = Debug;
		};
		B73E593D2B8D1AA500C8D6FF /* Release */ = {
			isa = XCBuildConfiguration;
			buildSettings = {
				ASSETCATALOG_COMPILER_APPICON_NAME = AppIcon;
				ASSETCATALOG_COMPILER_GLOBAL_ACCENT_COLOR_NAME = AccentColor;
				ASSETCATALOG_COMPILER_INCLUDE_ALL_APPICON_ASSETS = YES;
				CODE_SIGN_STYLE = Automatic;
				CURRENT_PROJECT_VERSION = 2;
				DEVELOPMENT_ASSET_PATHS = "\"EasyWallet/Preview Content\"";
				DEVELOPMENT_TEAM = 98UP8S95BD;
				ENABLE_PREVIEWS = YES;
				GENERATE_INFOPLIST_FILE = YES;
				INFOPLIST_FILE = EasyWallet/Info.plist;
				INFOPLIST_KEY_CFBundleDisplayName = EasyWallet;
				INFOPLIST_KEY_LSApplicationCategoryType = "public.app-category.finance";
				INFOPLIST_KEY_UIApplicationSceneManifest_Generation = YES;
				INFOPLIST_KEY_UIApplicationSupportsIndirectInputEvents = YES;
				INFOPLIST_KEY_UILaunchScreen_Generation = YES;
				INFOPLIST_KEY_UISupportedInterfaceOrientations_iPad = "UIInterfaceOrientationPortrait UIInterfaceOrientationPortraitUpsideDown UIInterfaceOrientationLandscapeLeft UIInterfaceOrientationLandscapeRight";
				INFOPLIST_KEY_UISupportedInterfaceOrientations_iPhone = "UIInterfaceOrientationPortrait UIInterfaceOrientationLandscapeLeft UIInterfaceOrientationLandscapeRight";
				IPHONEOS_DEPLOYMENT_TARGET = 17.2;
				"IPHONEOS_DEPLOYMENT_TARGET[sdk=iphoneos*]" = 17.2;
				LD_RUNPATH_SEARCH_PATHS = (
					"$(inherited)",
					"@executable_path/Frameworks",
				);
				MARKETING_VERSION = 1.1.1;
				PRODUCT_BUNDLE_IDENTIFIER = "de.golden-developer.EasyWallet";
				PRODUCT_NAME = "$(TARGET_NAME)";
				SUPPORTED_PLATFORMS = "iphoneos iphonesimulator";
				SUPPORTS_MACCATALYST = NO;
				SUPPORTS_MAC_DESIGNED_FOR_IPHONE_IPAD = NO;
				SUPPORTS_XR_DESIGNED_FOR_IPHONE_IPAD = NO;
				SWIFT_EMIT_LOC_STRINGS = YES;
				SWIFT_VERSION = 5.0;
				TARGETED_DEVICE_FAMILY = "1,2";
			};
			name = Release;
		};
		B73E593F2B8D1AA500C8D6FF /* Debug */ = {
			isa = XCBuildConfiguration;
			buildSettings = {
				ALWAYS_EMBED_SWIFT_STANDARD_LIBRARIES = YES;
				BUNDLE_LOADER = "$(TEST_HOST)";
				CODE_SIGN_STYLE = Automatic;
				CURRENT_PROJECT_VERSION = 1;
				DEVELOPMENT_TEAM = 98UP8S95BD;
				GENERATE_INFOPLIST_FILE = YES;
				IPHONEOS_DEPLOYMENT_TARGET = 17.2;
				MARKETING_VERSION = 1.0;
				PRODUCT_BUNDLE_IDENTIFIER = "de.golden-developer.EasyWalletTests";
				PRODUCT_NAME = "$(TARGET_NAME)";
				SUPPORTED_PLATFORMS = "iphoneos iphonesimulator";
				SUPPORTS_MACCATALYST = NO;
				SUPPORTS_MAC_DESIGNED_FOR_IPHONE_IPAD = NO;
				SUPPORTS_XR_DESIGNED_FOR_IPHONE_IPAD = NO;
				SWIFT_EMIT_LOC_STRINGS = NO;
				SWIFT_VERSION = 5.0;
				TARGETED_DEVICE_FAMILY = "1,2";
				TEST_HOST = "$(BUILT_PRODUCTS_DIR)/EasyWallet.app/$(BUNDLE_EXECUTABLE_FOLDER_PATH)/EasyWallet";
			};
			name = Debug;
		};
		B73E59402B8D1AA500C8D6FF /* Release */ = {
			isa = XCBuildConfiguration;
			buildSettings = {
				ALWAYS_EMBED_SWIFT_STANDARD_LIBRARIES = YES;
				BUNDLE_LOADER = "$(TEST_HOST)";
				CODE_SIGN_STYLE = Automatic;
				CURRENT_PROJECT_VERSION = 1;
				DEVELOPMENT_TEAM = 98UP8S95BD;
				GENERATE_INFOPLIST_FILE = YES;
				IPHONEOS_DEPLOYMENT_TARGET = 17.2;
				MARKETING_VERSION = 1.0;
				PRODUCT_BUNDLE_IDENTIFIER = "de.golden-developer.EasyWalletTests";
				PRODUCT_NAME = "$(TARGET_NAME)";
				SUPPORTED_PLATFORMS = "iphoneos iphonesimulator";
				SUPPORTS_MACCATALYST = NO;
				SUPPORTS_MAC_DESIGNED_FOR_IPHONE_IPAD = NO;
				SUPPORTS_XR_DESIGNED_FOR_IPHONE_IPAD = NO;
				SWIFT_EMIT_LOC_STRINGS = NO;
				SWIFT_VERSION = 5.0;
				TARGETED_DEVICE_FAMILY = "1,2";
				TEST_HOST = "$(BUILT_PRODUCTS_DIR)/EasyWallet.app/$(BUNDLE_EXECUTABLE_FOLDER_PATH)/EasyWallet";
			};
			name = Release;
		};
		B73E59422B8D1AA500C8D6FF /* Debug */ = {
			isa = XCBuildConfiguration;
			buildSettings = {
				ALWAYS_EMBED_SWIFT_STANDARD_LIBRARIES = YES;
				CODE_SIGN_STYLE = Automatic;
				CURRENT_PROJECT_VERSION = 1;
				DEVELOPMENT_TEAM = 98UP8S95BD;
				GENERATE_INFOPLIST_FILE = YES;
				MARKETING_VERSION = 1.0;
				PRODUCT_BUNDLE_IDENTIFIER = "de.golden-developer.EasyWalletUITests";
				PRODUCT_NAME = "$(TARGET_NAME)";
				SUPPORTED_PLATFORMS = "iphoneos iphonesimulator";
				SUPPORTS_MACCATALYST = NO;
				SUPPORTS_MAC_DESIGNED_FOR_IPHONE_IPAD = NO;
				SUPPORTS_XR_DESIGNED_FOR_IPHONE_IPAD = NO;
				SWIFT_EMIT_LOC_STRINGS = NO;
				SWIFT_VERSION = 5.0;
				TARGETED_DEVICE_FAMILY = "1,2";
				TEST_TARGET_NAME = EasyWallet;
			};
			name = Debug;
		};
		B73E59432B8D1AA500C8D6FF /* Release */ = {
			isa = XCBuildConfiguration;
			buildSettings = {
				ALWAYS_EMBED_SWIFT_STANDARD_LIBRARIES = YES;
				CODE_SIGN_STYLE = Automatic;
				CURRENT_PROJECT_VERSION = 1;
				DEVELOPMENT_TEAM = 98UP8S95BD;
				GENERATE_INFOPLIST_FILE = YES;
				MARKETING_VERSION = 1.0;
				PRODUCT_BUNDLE_IDENTIFIER = "de.golden-developer.EasyWalletUITests";
				PRODUCT_NAME = "$(TARGET_NAME)";
				SUPPORTED_PLATFORMS = "iphoneos iphonesimulator";
				SUPPORTS_MACCATALYST = NO;
				SUPPORTS_MAC_DESIGNED_FOR_IPHONE_IPAD = NO;
				SUPPORTS_XR_DESIGNED_FOR_IPHONE_IPAD = NO;
				SWIFT_EMIT_LOC_STRINGS = NO;
				SWIFT_VERSION = 5.0;
				TARGETED_DEVICE_FAMILY = "1,2";
				TEST_TARGET_NAME = EasyWallet;
			};
			name = Release;
		};
/* End XCBuildConfiguration section */

/* Begin XCConfigurationList section */
		B73E590D2B8D1AA100C8D6FF /* Build configuration list for PBXProject "EasyWallet" */ = {
			isa = XCConfigurationList;
			buildConfigurations = (
				B73E59392B8D1AA500C8D6FF /* Debug */,
				B73E593A2B8D1AA500C8D6FF /* Release */,
			);
			defaultConfigurationIsVisible = 0;
			defaultConfigurationName = Release;
		};
		B73E593B2B8D1AA500C8D6FF /* Build configuration list for PBXNativeTarget "EasyWallet" */ = {
			isa = XCConfigurationList;
			buildConfigurations = (
				B73E593C2B8D1AA500C8D6FF /* Debug */,
				B73E593D2B8D1AA500C8D6FF /* Release */,
			);
			defaultConfigurationIsVisible = 0;
			defaultConfigurationName = Release;
		};
		B73E593E2B8D1AA500C8D6FF /* Build configuration list for PBXNativeTarget "EasyWalletTests" */ = {
			isa = XCConfigurationList;
			buildConfigurations = (
				B73E593F2B8D1AA500C8D6FF /* Debug */,
				B73E59402B8D1AA500C8D6FF /* Release */,
			);
			defaultConfigurationIsVisible = 0;
			defaultConfigurationName = Release;
		};
		B73E59412B8D1AA500C8D6FF /* Build configuration list for PBXNativeTarget "EasyWalletUITests" */ = {
			isa = XCConfigurationList;
			buildConfigurations = (
				B73E59422B8D1AA500C8D6FF /* Debug */,
				B73E59432B8D1AA500C8D6FF /* Release */,
			);
			defaultConfigurationIsVisible = 0;
			defaultConfigurationName = Release;
		};
/* End XCConfigurationList section */

/* Begin XCVersionGroup section */
		B73E59202B8D1AA400C8D6FF /* EasyWallet.xcdatamodeld */ = {
			isa = XCVersionGroup;
			children = (
				B73E59212B8D1AA400C8D6FF /* EasyWallet.xcdatamodel */,
			);
			currentVersion = B73E59212B8D1AA400C8D6FF /* EasyWallet.xcdatamodel */;
			path = EasyWallet.xcdatamodeld;
			sourceTree = "<group>";
			versionGroupType = wrapper.xcdatamodel;
		};
/* End XCVersionGroup section */
	};
	rootObject = B73E590A2B8D1AA100C8D6FF /* Project object */;
}
