{
  "originHash" : "eb2661e9547cde71bf32af5552eba53755f46c600f1f771bb5d34f7a46abcece",
  "pins" : [
    {
      "identity" : "sentry-cocoa",
      "kind" : "remoteSourceControl",
      "location" : "https://github.com/getsentry/sentry-cocoa/",
      "state" : {
        "revision" : "38f4f70d07117b9f958a76b1bff278c2f29ffe0e",
        "version" : "8.21.0"
      }
    },
    {
      "identity" : "swiftuicharts",
      "kind" : "remoteSourceControl",
      "location" : "https://github.com/willdale/SwiftUICharts.git",
      "state" : {
        "revision" : "53a3a2f16730af6709283f83a9dc75a3dde252ff",
        "version" : "2.10.2"
      }
    }
  ],
  "version" : 3
}
